
Microsoft Visual Studio Solution File, Format Version 12.00
# Visual Studio Version 16
VisualStudioVersion = 16.0.808.4
MinimumVisualStudioVersion = 10.0.40219.1
Project("{FAE04EC0-301F-11D3-BF4B-00C04F79EFBC}") = "DataAccess", "DataAccess\DataAccess.csproj", "{B1BF7B48-DD71-496A-96B6-C4C102D36B4B}"
EndProject
Project("{FAE04EC0-301F-11D3-BF4B-00C04F79EFBC}") = "Business", "Business\Business.csproj", "{8745067E-13B6-4E27-BDAF-602B081ECE17}"
EndProject
Project("{FAE04EC0-301F-11D3-BF4B-00C04F79EFBC}") = "Entities", "Entities\Entities.csproj", "{1E02A0C5-C9E3-461A-AD83-6FA4ACC0767E}"
EndProject
Project("{FAE04EC0-301F-11D3-BF4B-00C04F79EFBC}") = "ConsoleUI", "ConsoleUI\ConsoleUI.csproj", "{665E5FED-C47C-4A9F-BBC3-7EC59B0C439F}"
EndProject
Project("{FAE04EC0-301F-11D3-BF4B-00C04F79EFBC}") = "Core", "Core\Core.csproj", "{C33BB40D-93B2-498B-8BEC-BE23350FA5C1}"
EndProject
Global
	GlobalSection(SolutionConfigurationPlatforms) = preSolution
		Debug|Any CPU = Debug|Any CPU
		Release|Any CPU = Release|Any CPU
	EndGlobalSection
	GlobalSection(ProjectConfigurationPlatforms) = postSolution
		{B1BF7B48-DD71-496A-96B6-C4C102D36B4B}.Debug|Any CPU.ActiveCfg = Debug|Any CPU
		{B1BF7B48-DD71-496A-96B6-C4C102D36B4B}.Debug|Any CPU.Build.0 = Debug|Any CPU
		{B1BF7B48-DD71-496A-96B6-C4C102D36B4B}.Release|Any CPU.ActiveCfg = Release|Any CPU
		{B1BF7B48-DD71-496A-96B6-C4C102D36B4B}.Release|Any CPU.Build.0 = Release|Any CPU
		{8745067E-13B6-4E27-BDAF-602B081ECE17}.Debug|Any CPU.ActiveCfg = Debug|Any CPU
		{8745067E-13B6-4E27-BDAF-602B081ECE17}.Debug|Any CPU.Build.0 = Debug|Any CPU
		{8745067E-13B6-4E27-BDAF-602B081ECE17}.Release|Any CPU.ActiveCfg = Release|Any CPU
		{8745067E-13B6-4E27-BDAF-602B081ECE17}.Release|Any CPU.Build.0 = Release|Any CPU
		{1E02A0C5-C9E3-461A-AD83-6FA4ACC0767E}.Debug|Any CPU.ActiveCfg = Debug|Any CPU
		{1E02A0C5-C9E3-461A-AD83-6FA4ACC0767E}.Debug|Any CPU.Build.0 = Debug|Any CPU
		{1E02A0C5-C9E3-461A-AD83-6FA4ACC0767E}.Release|Any CPU.ActiveCfg = Release|Any CPU
		{1E02A0C5-C9E3-461A-AD83-6FA4ACC0767E}.Release|Any CPU.Build.0 = Release|Any CPU
		{665E5FED-C47C-4A9F-BBC3-7EC59B0C439F}.Debug|Any CPU.ActiveCfg = Debug|Any CPU
		{665E5FED-C47C-4A9F-BBC3-7EC59B0C439F}.Debug|Any CPU.Build.0 = Debug|Any CPU
		{665E5FED-C47C-4A9F-BBC3-7EC59B0C439F}.Release|Any CPU.ActiveCfg = Release|Any CPU
		{665E5FED-C47C-4A9F-BBC3-7EC59B0C439F}.Release|Any CPU.Build.0 = Release|Any CPU
		{C33BB40D-93B2-498B-8BEC-BE23350FA5C1}.Debug|Any CPU.ActiveCfg = Debug|Any CPU
		{C33BB40D-93B2-498B-8BEC-BE23350FA5C1}.Debug|Any CPU.Build.0 = Debug|Any CPU
		{C33BB40D-93B2-498B-8BEC-BE23350FA5C1}.Release|Any CPU.ActiveCfg = Release|Any CPU
		{C33BB40D-93B2-498B-8BEC-BE23350FA5C1}.Release|Any CPU.Build.0 = Release|Any CPU
	EndGlobalSection
	GlobalSection(SolutionProperties) = preSolution
		HideSolutionNode = FALSE
	EndGlobalSection
	GlobalSection(ExtensibilityGlobals) = postSolution
		SolutionGuid = {6896E78F-2E42-4AE8-B44E-7507EE935A3A}
	EndGlobalSection
EndGlobal
